{
    "_meta": {
        "hash": {
            "sha256": "20e3e6ba49eb549b28939f545fa067158f4c99c42e80d212d21af8e1b9f27b97"
        },
        "pipfile-spec": 6,
        "requires": {},
        "sources": [
            {
                "name": "pypi",
                "url": "https://pypi.python.org/simple",
                "verify_ssl": true
            }
        ]
    },
    "default": {
        "click": {
            "hashes": [
                "sha256:29f99fc6125fbc931b758dc053b3114e55c77a6e4c6c3a2674a2dc986016381d",
                "sha256:f15516df478d5a56180fbf80e68f206010e6d160fc39fa508b65e035fd75130b"
            ],
            "index": "pypi",
            "version": "==6.7"
        },
        "django": {
            "hashes": [
                "sha256:26b34f4417aa38d895b6b5307177b51bc3f4d53179d8696a5c19dcb50582523c",
                "sha256:71d1a584bb4ad2b4f933d07d02c716755c1394feaac1ce61ce37843ac5401092"
            ],
            "index": "pypi",
            "version": "==2.0.5"
        },
        "django-crispy-forms": {
            "hashes": [
                "sha256:5952bab971110d0b86c278132dae0aa095beee8f723e625c3d3fa28888f1675f",
                "sha256:705ededc554ad8736157c666681165fe22ead2dec0d5446d65fc9dd976a5a876"
            ],
            "index": "pypi",
            "version": "==1.7.2"
        },
        "django-mathfilters": {
            "hashes": [
                "sha256:530774776e5bbf8061c95e3542166fa8a4ec4cd8992b6dc9f3cad866c71051b5",
                "sha256:e570e113a92dd54125fc2066a93b509a521d3f42a4502731775d0f7b92acc3e8"
            ],
            "index": "pypi",
            "version": "==0.4.0"
        },
        "flask": {
            "hashes": [
                "sha256:7f03bb2c255452444f7265eddb51601806e5447b6f8a2d50bbc77a654a14c118",
                "sha256:93e803cdbe326a61ebd5c5d353959397c85f829bec610d59cb635c9f97d7ca8b"
            ],
            "index": "pypi",
            "version": "==0.12"
        },
        "itsdangerous": {
            "hashes": [
                "sha256:cbb3fcf8d3e33df861709ecaf89d9e6629cff0a217bc2848f1b41cd30d360519"
            ],
            "index": "pypi",
            "version": "==0.24"
        },
        "jinja2": {
            "hashes": [
                "sha256:702a24d992f856fa8d5a7a36db6128198d0c21e1da34448ca236c42e92384825",
                "sha256:a7b7438120dbe76a8e735ef7eba6048eaf4e0b7dbc530e100812f8ec462a4d50"
            ],
            "index": "pypi",
            "version": "==2.9.5"
        },
        "markupsafe": {
            "hashes": [
                "sha256:a4ec1aff59b95a14b45eb2e23761a0179e98319da5a7eb76b56ea8cdc7b871c3"
            ],
            "index": "pypi",
            "version": "==0.23"
        },
        "plaid-python": {
            "hashes": [
                "sha256:7fb70e4ce9d9d1e55471627b769459a8d80fef0f730c3e165a18c8ead6858327"
            ],
            "index": "pypi",
            "version": "==2.2.1"
        },
        "pytz": {
            "hashes": [
                "sha256:65ae0c8101309c45772196b21b74c46b2e5d11b6275c45d251b150d5da334555",
                "sha256:c06425302f2cf668f1bba7a0a03f3c1d34d4ebeef2c72003da308b3947c7f749"
            ],
            "version": "==2018.4"
        },
        "requests": {
            "hashes": [
                "sha256:1a720e8862a41aa22e339373b526f508ef0c8988baf48b84d3fc891a8e237efb",
                "sha256:5722cd09762faa01276230270ff16af7acf7c5c45d623868d9ba116f15791ce8"
            ],
            "index": "pypi",
            "version": "==2.13.0"
        },
        "werkzeug": {
            "hashes": [
                "sha256:455d7798ac263266dbd38d4841f7534dd35ca9c3da4a8df303f8488f38f3bcc0",
                "sha256:c6f6f89124df0514d886782c658c3e12f2caaa94da34cee3fd82eebf4ebf052b"
            ],
            "index": "pypi",
            "version": "==0.11.15"
        }
    },
    "develop": {}
}
